{
  "version": 4,
  "terraform_version": "1.0.9",
  "serial": 413,
  "lineage": "8f84806f-5ab0-3505-d0da-050fb495884e",
  "outputs": {},
  "resources": [
    {
      "mode": "managed",
      "type": "local_file",
      "name": "my_key",
      "provider": "provider[\"registry.terraform.io/hashicorp/local\"]",
      "instances": [
        {
          "schema_version": 0,
          "attributes": {
            "content": "-----BEGIN RSA PRIVATE KEY-----\nMIIEowIBAAKCAQEA937ieEmzdYcZPTaAThYHKxOTnclSR4Ox5p3gcTHm6kTbOjXw\nJpsWjw/yd3fbm5wGMn7VtD3hyMQHiXFAXyjs89GFLgIkv8orxWsngGXYpbxWyHM3\nQfyRw3yv8J7p3859j+1tQfFEWaO7rTPKPyf/74SVG7FG2m/5q0SQZMquEG0ZfaUE\njH2ei4lUZ278IErxweSjGjh4d3/SuqBDcKOvBaVXqDUYaTzaNXXwVLGu5PRyaHmu\nt4Ltmy0vTbLmNIH8RdHsMsAaT3Tnuvl+KVYLGeSwnFA2lq6OGI++iF4gbaaY1spY\nE9SiIJwz7f9UoH2i4kpPegKnY3TEp3otRtcxmwIDAQABAoIBAQDV1SP4R70sqwfs\ncl1SmgeheS2OIzXaofcfyIH1aucWu10qIxYVVOOdwWp9O+pavOhB0oHzU4/zNSNJ\n5bZ3QVXQptLJWILFzfgZfqZHcjdHorzcPWedtIl//AfK/pIUk0S7CKjgU4L5a9So\nJdn0zSt8lvF5VqZf7mUpS3jyDIdtmhJxvKb51n96r/Ablhr7AKKhso3FyZdF12vI\n9fs9JTEPv1CwNaR6zfyRZhukjcihyXt2WcpgXBQ4mlaglMI/vmogLKnBgPTnD97Y\nw3gfmtCF14kOUn1kwU2xJtKOvNHnIbu7xDQj5M8vo8ViWt0hwvSrsOyNNC6EoWOf\nuVq878JhAoGBAP7LYz+PeKjcHSju3RyK6RqzsRp0lBiPE8kTcu4ZI1FBnDdVdPi7\njLgwnkafEM7cY+Nesl2IHrfxX4Wcebsj340fR4rEpo36NEGVEVyOMrxZ7hjQNzpE\nr6uGAs4gvcFiU9KWgT8rrXcgey6IzCx0YDXynrDhQKwk8fjKfxsffcCRAoGBAPiq\nqA1lhe69bVd6L/qyPgejVsmVHseLOGT/CYsOiZfMnXQcaf46p59Xyd+P7L5OyU+2\nIvK4TYPz4ANZ56vMIcEciUcaT5wqeqj5thZe471slryEvh3gAXgX3zF+NAmc9/x3\nXLuk/xCvfFta4alNUn9EN6WamDLJgSUdRXWipuVrAoGAaK/KXIAnVEH0HTBfWu3c\nLuNrvfHuM1T+DRzXmOptL2Kku7t57wSoIbmgHmYWstesluv+nx1hebRLygrrnS91\nF3elnmeEA0utEtEbrAqk3+yXPky2lFNKVlAecPDU5lLvG9RI0Fqy0AJhelIsiYtb\nSG8iMoyqVNBtNwqERPGganECgYB1SwIj94xaVW27An6ZMPRDZA9u3HD9TLUYJpiY\nyA2s1a47c5+ndIFWjvFBC8Fu7vjUKaSIetjNcf5rdj/p8ErHrS8vo8CDeCINjGQQ\nX0frNMpROAf5TY1D2XbFALOJCUqMAr1yIVzSwQPWj6K72iYcs8/PxIEgC55oJEt8\nNnGk6wKBgCr1DCMKtM47abHfyiE8e56wsK0rU5yJf8jKnYQX8xtlwEe1J4LPHh0o\n7J2Ey4xYWWDiaTUwd1OKyn8Bnv2zvzBxSd/b6i79Hb4VdaT+IctsuuhW7RiA5ydY\nCIJlhuUCCvlX3L1r5OiKk2e1kD0Yr6PwlN3Yhr/jo+uenGQANM+J\n-----END RSA PRIVATE KEY-----\n",
            "content_base64": null,
            "directory_permission": "0777",
            "file_permission": "0600",
            "filename": "./my_key.pem",
            "id": "af617558d43e0f29ccaf01250f75f419ff6433a2",
            "sensitive_content": null,
            "source": null
          },
          "sensitive_attributes": [
            [
              {
                "type": "get_attr",
                "value": "content"
              }
            ]
          ],
          "private": "bnVsbA==",
          "dependencies": [
            "tls_private_key.my_key"
          ]
        }
      ]
    },
    {
      "mode": "managed",
      "type": "outscale_internet_service",
      "name": "internet_service01",
      "provider": "provider[\"registry.terraform.io/outscale-dev/outscale\"]",
      "instances": [
        {
          "schema_version": 0,
          "attributes": {
            "id": "igw-3aeabca4",
            "internet_service_id": "igw-3aeabca4",
            "net_id": "",
            "request_id": "34973ef9-ec1e-4b11-a34b-04a67030069e",
            "state": "",
            "tags": []
          },
          "sensitive_attributes": [],
          "private": "bnVsbA=="
        }
      ]
    },
    {
      "mode": "managed",
      "type": "outscale_internet_service_link",
      "name": "internet_service_link01",
      "provider": "provider[\"registry.terraform.io/outscale-dev/outscale\"]",
      "instances": [
        {
          "schema_version": 0,
          "attributes": {
            "id": "igw-3aeabca4",
            "internet_service_id": "igw-3aeabca4",
            "net_id": "vpc-b8574e60",
            "request_id": "b6e33814-a12b-4511-a306-3bac71d2dc9b",
            "state": "available",
            "tags": []
          },
          "sensitive_attributes": [],
          "private": "bnVsbA==",
          "dependencies": [
            "outscale_internet_service.internet_service01",
            "outscale_net.net01"
          ]
        }
      ]
    },
    {
      "mode": "managed",
      "type": "outscale_keypair",
      "name": "my_keypair",
      "provider": "provider[\"registry.terraform.io/outscale-dev/outscale\"]",
      "instances": [
        {
          "schema_version": 0,
          "attributes": {
            "id": "terraform-20211122065721692800000001",
            "keypair_fingerprint": "d8:54:fd:f5:dc:54:aa:51:4d:1a:b4:7f:14:b3:a0:7c",
            "keypair_name": "terraform-20211122065721692800000001",
            "private_key": null,
            "public_key": "ssh-rsa AAAAB3NzaC1yc2EAAAADAQABAAABAQD3fuJ4SbN1hxk9NoBOFgcrE5OdyVJHg7HmneBxMebqRNs6NfAmmxaPD/J3d9ubnAYyftW0PeHIxAeJcUBfKOzz0YUuAiS/yivFayeAZdilvFbIczdB/JHDfK/wnunfzn2P7W1B8URZo7utM8o/J//vhJUbsUbab/mrRJBkyq4QbRl9pQSMfZ6LiVRnbvwgSvHB5KMaOHh3f9K6oENwo68FpVeoNRhpPNo1dfBUsa7k9HJoea63gu2bLS9NsuY0gfxF0ewywBpPdOe6+X4pVgsZ5LCcUDaWro4Yj76IXiBtppjWylgT1KIgnDPt/1SgfaLiSk96AqdjdMSnei1G1zGb\n",
            "request_id": "e8e53d36-07de-4e5f-b738-6540a7ec1226",
            "timeouts": null
          },
          "sensitive_attributes": [],
          "private": "eyJlMmJmYjczMC1lY2FhLTExZTYtOGY4OC0zNDM2M2JjN2M0YzAiOnsiY3JlYXRlIjo2MDAwMDAwMDAwMDAsImRlbGV0ZSI6NjAwMDAwMDAwMDAwLCJyZWFkIjo2MDAwMDAwMDAwMDB9fQ==",
          "dependencies": [
            "tls_private_key.my_key"
          ]
        }
      ]
    },
    {
      "mode": "managed",
      "type": "outscale_net",
      "name": "net01",
      "provider": "provider[\"registry.terraform.io/outscale-dev/outscale\"]",
      "instances": [
        {
          "schema_version": 0,
          "attributes": {
            "dhcp_options_set_id": "dopt-0e59aee0",
            "id": "vpc-b8574e60",
            "ip_range": "10.0.0.0/16",
            "net_id": "vpc-b8574e60",
            "request_id": "19f6c5b0-4b4f-4035-8835-3e199a0e358c",
            "state": "available",
            "tags": [
              {
                "key": "name",
                "value": "terraform-net-for-vm"
              }
            ],
            "tenancy": "default"
          },
          "sensitive_attributes": [],
          "private": "bnVsbA=="
        }
      ]
    },
    {
      "mode": "managed",
      "type": "outscale_route",
      "name": "route01-b-front",
      "provider": "provider[\"registry.terraform.io/outscale-dev/outscale\"]",
      "instances": [
        {
          "schema_version": 0,
          "attributes": {
            "creation_method": "CreateRoute",
            "destination_ip_range": "0.0.0.0/0",
            "destination_service_id": "",
            "gateway_id": "igw-3aeabca4",
            "id": "rtb-745a7e51",
            "nat_access_point": "",
            "nat_service_id": "",
            "net_peering_id": "",
            "nic_id": "",
            "request_id": "29a8c9c1-6b8f-4033-8308-6e1be4deea1e",
            "route_table_id": "rtb-745a7e51",
            "state": "active",
            "vm_account_id": "",
            "vm_id": ""
          },
          "sensitive_attributes": [],
          "private": "bnVsbA==",
          "dependencies": [
            "outscale_internet_service.internet_service01",
            "outscale_net.net01",
            "outscale_route_table.route_table01"
          ]
        }
      ]
    },
    {
      "mode": "managed",
      "type": "outscale_route",
      "name": "route02-a-front",
      "provider": "provider[\"registry.terraform.io/outscale-dev/outscale\"]",
      "instances": [
        {
          "schema_version": 0,
          "attributes": {
            "creation_method": "CreateRoute",
            "destination_ip_range": "0.0.0.0/0",
            "destination_service_id": "",
            "gateway_id": "igw-3aeabca4",
            "id": "rtb-fea67ae9",
            "nat_access_point": "",
            "nat_service_id": "",
            "net_peering_id": "",
            "nic_id": "",
            "request_id": "a30cf07a-9f06-4ca6-a48c-cbc11a837227",
            "route_table_id": "rtb-fea67ae9",
            "state": "active",
            "vm_account_id": "",
            "vm_id": ""
          },
          "sensitive_attributes": [],
          "private": "bnVsbA==",
          "dependencies": [
            "outscale_internet_service.internet_service01",
            "outscale_net.net01",
            "outscale_route_table.route_table02"
          ]
        }
      ]
    },
    {
      "mode": "managed",
      "type": "outscale_route_table",
      "name": "route_table01",
      "provider": "provider[\"registry.terraform.io/outscale-dev/outscale\"]",
      "instances": [
        {
          "schema_version": 0,
          "attributes": {
            "id": "rtb-745a7e51",
            "link_route_tables": [],
            "net_id": "vpc-b8574e60",
            "request_id": "0d5372bd-a8c4-4671-98b2-af6b0667aba2",
            "route_propagating_virtual_gateways": [],
            "route_table_id": "rtb-745a7e51",
            "routes": [
              {
                "creation_method": "CreateRouteTable",
                "destination_ip_range": "10.0.0.0/16",
                "destination_service_id": "",
                "gateway_id": "",
                "nat_service_id": "",
                "net_access_point_id": "",
                "net_peering_id": "",
                "nic_id": "",
                "state": "active",
                "vm_account_id": "",
                "vm_id": ""
              }
            ],
            "tags": [
              {
                "key": "name",
                "value": "route-table-for-front-subnet-1"
              }
            ]
          },
          "sensitive_attributes": [],
          "private": "bnVsbA==",
          "dependencies": [
            "outscale_net.net01"
          ]
        }
      ]
    },
    {
      "mode": "managed",
      "type": "outscale_route_table",
      "name": "route_table02",
      "provider": "provider[\"registry.terraform.io/outscale-dev/outscale\"]",
      "instances": [
        {
          "schema_version": 0,
          "attributes": {
            "id": "rtb-fea67ae9",
            "link_route_tables": [],
            "net_id": "vpc-b8574e60",
            "request_id": "8e6736d7-3f86-4a8b-aaa3-9d96e8d9b349",
            "route_propagating_virtual_gateways": [],
            "route_table_id": "rtb-fea67ae9",
            "routes": [
              {
                "creation_method": "CreateRouteTable",
                "destination_ip_range": "10.0.0.0/16",
                "destination_service_id": "",
                "gateway_id": "",
                "nat_service_id": "",
                "net_access_point_id": "",
                "net_peering_id": "",
                "nic_id": "",
                "state": "active",
                "vm_account_id": "",
                "vm_id": ""
              }
            ],
            "tags": [
              {
                "key": "name",
                "value": "route-table-for-front-subnet-2"
              }
            ]
          },
          "sensitive_attributes": [],
          "private": "bnVsbA==",
          "dependencies": [
            "outscale_net.net01"
          ]
        }
      ]
    },
    {
      "mode": "managed",
      "type": "outscale_route_table",
      "name": "route_table03",
      "provider": "provider[\"registry.terraform.io/outscale-dev/outscale\"]",
      "instances": [
        {
          "schema_version": 0,
          "attributes": {
            "id": "rtb-2cc658b1",
            "link_route_tables": [],
            "net_id": "vpc-b8574e60",
            "request_id": "d9a0fbb1-72bb-4441-921f-b5cb459455cc",
            "route_propagating_virtual_gateways": [],
            "route_table_id": "rtb-2cc658b1",
            "routes": [
              {
                "creation_method": "CreateRouteTable",
                "destination_ip_range": "10.0.0.0/16",
                "destination_service_id": "",
                "gateway_id": "",
                "nat_service_id": "",
                "net_access_point_id": "",
                "net_peering_id": "",
                "nic_id": "",
                "state": "active",
                "vm_account_id": "",
                "vm_id": ""
              }
            ],
            "tags": [
              {
                "key": "name",
                "value": "route-table-for-back-subnet-3"
              }
            ]
          },
          "sensitive_attributes": [],
          "private": "bnVsbA==",
          "dependencies": [
            "outscale_net.net01"
          ]
        }
      ]
    },
    {
      "mode": "managed",
      "type": "outscale_route_table",
      "name": "route_table04",
      "provider": "provider[\"registry.terraform.io/outscale-dev/outscale\"]",
      "instances": [
        {
          "schema_version": 0,
          "attributes": {
            "id": "rtb-9cc09698",
            "link_route_tables": [],
            "net_id": "vpc-b8574e60",
            "request_id": "8dc64947-10c6-4cc4-8ec2-8f0c34cdd4c1",
            "route_propagating_virtual_gateways": [],
            "route_table_id": "rtb-9cc09698",
            "routes": [
              {
                "creation_method": "CreateRouteTable",
                "destination_ip_range": "10.0.0.0/16",
                "destination_service_id": "",
                "gateway_id": "",
                "nat_service_id": "",
                "net_access_point_id": "",
                "net_peering_id": "",
                "nic_id": "",
                "state": "active",
                "vm_account_id": "",
                "vm_id": ""
              }
            ],
            "tags": [
              {
                "key": "name",
                "value": "route-table-for-back-subnet-4"
              }
            ]
          },
          "sensitive_attributes": [],
          "private": "bnVsbA==",
          "dependencies": [
            "outscale_net.net01"
          ]
        }
      ]
    },
    {
      "mode": "managed",
      "type": "outscale_route_table_link",
      "name": "route_table_link01",
      "provider": "provider[\"registry.terraform.io/outscale-dev/outscale\"]",
      "instances": [
        {
          "schema_version": 0,
          "attributes": {
            "id": "rtbassoc-51fdb9ea",
            "link_route_table_id": "rtbassoc-51fdb9ea",
            "main": false,
            "request_id": "17bd8509-ef91-4737-9bae-487781eb967e",
            "route_table_id": "rtb-745a7e51",
            "subnet_id": "subnet-a5f9d84f"
          },
          "sensitive_attributes": [],
          "private": "bnVsbA==",
          "dependencies": [
            "outscale_net.net01",
            "outscale_route_table.route_table01",
            "outscale_subnet.subnet01"
          ]
        }
      ]
    },
    {
      "mode": "managed",
      "type": "outscale_route_table_link",
      "name": "route_table_link02",
      "provider": "provider[\"registry.terraform.io/outscale-dev/outscale\"]",
      "instances": [
        {
          "schema_version": 0,
          "attributes": {
            "id": "rtbassoc-f693d26c",
            "link_route_table_id": "rtbassoc-f693d26c",
            "main": false,
            "request_id": "1b7e8e2a-9983-441f-a35d-02f79714a0a9",
            "route_table_id": "rtb-fea67ae9",
            "subnet_id": "subnet-5b51f1c7"
          },
          "sensitive_attributes": [],
          "private": "bnVsbA==",
          "dependencies": [
            "outscale_net.net01",
            "outscale_route_table.route_table02",
            "outscale_subnet.subnet02"
          ]
        }
      ]
    },
    {
      "mode": "managed",
      "type": "outscale_route_table_link",
      "name": "route_table_link03",
      "provider": "provider[\"registry.terraform.io/outscale-dev/outscale\"]",
      "instances": [
        {
          "schema_version": 0,
          "attributes": {
            "id": "rtbassoc-beef68f0",
            "link_route_table_id": "rtbassoc-beef68f0",
            "main": false,
            "request_id": "d8329bcb-042c-40a1-a563-216e2938138f",
            "route_table_id": "rtb-2cc658b1",
            "subnet_id": "subnet-6e52f446"
          },
          "sensitive_attributes": [],
          "private": "bnVsbA==",
          "dependencies": [
            "outscale_net.net01",
            "outscale_route_table.route_table03",
            "outscale_subnet.subnet03"
          ]
        }
      ]
    },
    {
      "mode": "managed",
      "type": "outscale_route_table_link",
      "name": "route_table_link04",
      "provider": "provider[\"registry.terraform.io/outscale-dev/outscale\"]",
      "instances": [
        {
          "schema_version": 0,
          "attributes": {
            "id": "rtbassoc-afa9f12a",
            "link_route_table_id": "rtbassoc-afa9f12a",
            "main": false,
            "request_id": "27b1b81d-c35c-46c3-a129-9ed96bdc9eab",
            "route_table_id": "rtb-2cc658b1",
            "subnet_id": "subnet-8c301cf0"
          },
          "sensitive_attributes": [],
          "private": "bnVsbA==",
          "dependencies": [
            "outscale_net.net01",
            "outscale_route_table.route_table03",
            "outscale_subnet.subnet04"
          ]
        }
      ]
    },
    {
      "mode": "managed",
      "type": "outscale_security_group",
      "name": "security_group_back",
      "provider": "provider[\"registry.terraform.io/outscale-dev/outscale\"]",
      "instances": [
        {
          "schema_version": 0,
          "attributes": {
            "account_id": "126591649419",
            "description": "security group for back VM",
            "id": "sg-0e061f79",
            "inbound_rules": [],
            "net_id": "vpc-b8574e60",
            "outbound_rules": [
              {
                "from_port_range": -1,
                "ip_protocol": "-1",
                "ip_ranges": [
                  "0.0.0.0/0"
                ],
                "security_groups_members": [],
                "to_port_range": -1
              }
            ],
            "request_id": "b125ba65-778a-47a8-ad48-7c435dc1e2fd",
            "security_group_id": "sg-0e061f79",
            "security_group_name": "security-group-back",
            "tag": null,
            "tags": []
          },
          "sensitive_attributes": [],
          "private": "bnVsbA==",
          "dependencies": [
            "outscale_net.net01"
          ]
        }
      ]
    },
    {
      "mode": "managed",
      "type": "outscale_security_group",
      "name": "security_group_front",
      "provider": "provider[\"registry.terraform.io/outscale-dev/outscale\"]",
      "instances": [
        {
          "schema_version": 0,
          "attributes": {
            "account_id": "126591649419",
            "description": "security group for front VM",
            "id": "sg-f3c6daa0",
            "inbound_rules": [],
            "net_id": "vpc-b8574e60",
            "outbound_rules": [
              {
                "from_port_range": -1,
                "ip_protocol": "-1",
                "ip_ranges": [
                  "0.0.0.0/0"
                ],
                "security_groups_members": [],
                "to_port_range": -1
              }
            ],
            "request_id": "3a076dfa-83d4-4690-852e-950cfebb9397",
            "security_group_id": "sg-f3c6daa0",
            "security_group_name": "security-group-front",
            "tag": null,
            "tags": []
          },
          "sensitive_attributes": [],
          "private": "bnVsbA==",
          "dependencies": [
            "outscale_net.net01"
          ]
        }
      ]
    },
    {
      "mode": "managed",
      "type": "outscale_security_group_rule",
      "name": "security_group_rule01",
      "provider": "provider[\"registry.terraform.io/outscale-dev/outscale\"]",
      "instances": [
        {
          "schema_version": 0,
          "attributes": {
            "flow": "Inbound",
            "from_port_range": 80,
            "id": "sg-f3c6daa0",
            "inbound_rules": [
              {
                "from_port_range": 22,
                "ip_protocol": "tcp",
                "ip_ranges": [
                  "0.0.0.0/0"
                ],
                "security_groups_members": [],
                "service_ids": [],
                "to_port_range": 22
              },
              {
                "from_port_range": 80,
                "ip_protocol": "tcp",
                "ip_ranges": [
                  "0.0.0.0/0"
                ],
                "security_groups_members": [],
                "service_ids": [],
                "to_port_range": 80
              }
            ],
            "ip_protocol": "tcp",
            "ip_range": "0.0.0.0/0",
            "net_id": "vpc-b8574e60",
            "outbound_rules": [
              {
                "from_port_range": -1,
                "ip_protocol": "-1",
                "ip_ranges": [
                  "0.0.0.0/0"
                ],
                "security_groups_members": [],
                "service_ids": [],
                "to_port_range": -1
              }
            ],
            "request_id": "b00e444b-caab-46d7-931d-d5012de764ea",
            "rules": [],
            "security_group_account_id_to_link": null,
            "security_group_id": "sg-f3c6daa0",
            "security_group_name": "security-group-front",
            "security_group_name_to_link": null,
            "to_port_range": 80
          },
          "sensitive_attributes": [],
          "private": "bnVsbA==",
          "dependencies": [
            "outscale_net.net01",
            "outscale_security_group.security_group_front"
          ]
        }
      ]
    },
    {
      "mode": "managed",
      "type": "outscale_security_group_rule",
      "name": "security_group_rule02",
      "provider": "provider[\"registry.terraform.io/outscale-dev/outscale\"]",
      "instances": [
        {
          "schema_version": 0,
          "attributes": {
            "flow": "Inbound",
            "from_port_range": 22,
            "id": "sg-f3c6daa0",
            "inbound_rules": [
              {
                "from_port_range": 22,
                "ip_protocol": "tcp",
                "ip_ranges": [
                  "0.0.0.0/0"
                ],
                "security_groups_members": [],
                "service_ids": [],
                "to_port_range": 22
              }
            ],
            "ip_protocol": "tcp",
            "ip_range": "0.0.0.0/0",
            "net_id": "vpc-b8574e60",
            "outbound_rules": [
              {
                "from_port_range": -1,
                "ip_protocol": "-1",
                "ip_ranges": [
                  "0.0.0.0/0"
                ],
                "security_groups_members": [],
                "service_ids": [],
                "to_port_range": -1
              }
            ],
            "request_id": "7add669a-b9da-4a62-943f-3ab218278a35",
            "rules": [],
            "security_group_account_id_to_link": null,
            "security_group_id": "sg-f3c6daa0",
            "security_group_name": "security-group-front",
            "security_group_name_to_link": null,
            "to_port_range": 22
          },
          "sensitive_attributes": [],
          "private": "bnVsbA==",
          "dependencies": [
            "outscale_net.net01",
            "outscale_security_group.security_group_front"
          ]
        }
      ]
    },
    {
      "mode": "managed",
      "type": "outscale_security_group_rule",
      "name": "security_group_rule03",
      "provider": "provider[\"registry.terraform.io/outscale-dev/outscale\"]",
      "instances": [
        {
          "schema_version": 0,
          "attributes": {
            "flow": "Inbound",
            "from_port_range": null,
            "id": "sg-0e061f79",
            "inbound_rules": [
              {
                "from_port_range": 22,
                "ip_protocol": "tcp",
                "ip_ranges": [],
                "security_groups_members": [
                  {
                    "account_id": "126591649419",
                    "security_group_id": "sg-f3c6daa0",
                    "security_group_name": "security-group-front"
                  }
                ],
                "service_ids": [],
                "to_port_range": 22
              }
            ],
            "ip_protocol": null,
            "ip_range": null,
            "net_id": "vpc-b8574e60",
            "outbound_rules": [
              {
                "from_port_range": -1,
                "ip_protocol": "-1",
                "ip_ranges": [
                  "0.0.0.0/0"
                ],
                "security_groups_members": [],
                "service_ids": [],
                "to_port_range": -1
              }
            ],
            "request_id": "276513b1-34f3-4b89-95e2-de622ffd5e7d",
            "rules": [
              {
                "from_port_range": 22,
                "ip_protocol": "tcp",
                "ip_ranges": null,
                "security_groups_members": [
                  {
                    "account_id": "126591649419",
                    "security_group_id": "sg-f3c6daa0",
                    "security_group_name": ""
                  }
                ],
                "service_ids": null,
                "to_port_range": 22
              }
            ],
            "security_group_account_id_to_link": null,
            "security_group_id": "sg-0e061f79",
            "security_group_name": "security-group-back",
            "security_group_name_to_link": null,
            "to_port_range": null
          },
          "sensitive_attributes": [],
          "private": "bnVsbA==",
          "dependencies": [
            "outscale_net.net01",
            "outscale_security_group.security_group_back",
            "outscale_security_group.security_group_front"
          ]
        }
      ]
    },
    {
      "mode": "managed",
      "type": "outscale_security_group_rule",
      "name": "security_group_rule04",
      "provider": "provider[\"registry.terraform.io/outscale-dev/outscale\"]",
      "instances": [
        {
          "schema_version": 0,
          "attributes": {
            "flow": "Inbound",
            "from_port_range": null,
            "id": "sg-0e061f79",
            "inbound_rules": [
              {
                "from_port_range": 22,
                "ip_protocol": "tcp",
                "ip_ranges": [],
                "security_groups_members": [
                  {
                    "account_id": "126591649419",
                    "security_group_id": "sg-f3c6daa0",
                    "security_group_name": "security-group-front"
                  }
                ],
                "service_ids": [],
                "to_port_range": 22
              },
              {
                "from_port_range": 80,
                "ip_protocol": "tcp",
                "ip_ranges": [],
                "security_groups_members": [
                  {
                    "account_id": "126591649419",
                    "security_group_id": "sg-f3c6daa0",
                    "security_group_name": "security-group-front"
                  }
                ],
                "service_ids": [],
                "to_port_range": 80
              }
            ],
            "ip_protocol": null,
            "ip_range": null,
            "net_id": "vpc-b8574e60",
            "outbound_rules": [
              {
                "from_port_range": -1,
                "ip_protocol": "-1",
                "ip_ranges": [
                  "0.0.0.0/0"
                ],
                "security_groups_members": [],
                "service_ids": [],
                "to_port_range": -1
              }
            ],
            "request_id": "42c14374-f060-44de-89fd-56e22f36d9c9",
            "rules": [
              {
                "from_port_range": 80,
                "ip_protocol": "tcp",
                "ip_ranges": null,
                "security_groups_members": [
                  {
                    "account_id": "126591649419",
                    "security_group_id": "sg-f3c6daa0",
                    "security_group_name": ""
                  }
                ],
                "service_ids": null,
                "to_port_range": 80
              }
            ],
            "security_group_account_id_to_link": null,
            "security_group_id": "sg-0e061f79",
            "security_group_name": "security-group-back",
            "security_group_name_to_link": null,
            "to_port_range": null
          },
          "sensitive_attributes": [],
          "private": "bnVsbA==",
          "dependencies": [
            "outscale_net.net01",
            "outscale_security_group.security_group_back",
            "outscale_security_group.security_group_front"
          ]
        }
      ]
    },
    {
      "mode": "managed",
      "type": "outscale_subnet",
      "name": "subnet01",
      "provider": "provider[\"registry.terraform.io/outscale-dev/outscale\"]",
      "instances": [
        {
          "schema_version": 0,
          "attributes": {
            "available_ips_count": 251,
            "id": "subnet-a5f9d84f",
            "ip_range": "10.0.1.0/24",
            "map_public_ip_on_launch": false,
            "net_id": "vpc-b8574e60",
            "request_id": "a604c4f9-6d92-4d5b-a38a-fb46617886b9",
            "state": "available",
            "subnet_id": "subnet-a5f9d84f",
            "subregion_name": "eu-west-2b",
            "tags": [
              {
                "key": "name",
                "value": "subnet1-b-front"
              }
            ],
            "timeouts": null
          },
          "sensitive_attributes": [],
          "private": "eyJlMmJmYjczMC1lY2FhLTExZTYtOGY4OC0zNDM2M2JjN2M0YzAiOnsiY3JlYXRlIjo2MDAwMDAwMDAwMDAsImRlbGV0ZSI6NjAwMDAwMDAwMDAwfX0=",
          "dependencies": [
            "outscale_net.net01"
          ]
        }
      ]
    },
    {
      "mode": "managed",
      "type": "outscale_subnet",
      "name": "subnet02",
      "provider": "provider[\"registry.terraform.io/outscale-dev/outscale\"]",
      "instances": [
        {
          "schema_version": 0,
          "attributes": {
            "available_ips_count": 251,
            "id": "subnet-5b51f1c7",
            "ip_range": "10.0.2.0/24",
            "map_public_ip_on_launch": false,
            "net_id": "vpc-b8574e60",
            "request_id": "704f0e2e-b54e-49ca-a43e-beb37766eb87",
            "state": "available",
            "subnet_id": "subnet-5b51f1c7",
            "subregion_name": "eu-west-2a",
            "tags": [
              {
                "key": "name",
                "value": "subnet2-a-front"
              }
            ],
            "timeouts": null
          },
          "sensitive_attributes": [],
          "private": "eyJlMmJmYjczMC1lY2FhLTExZTYtOGY4OC0zNDM2M2JjN2M0YzAiOnsiY3JlYXRlIjo2MDAwMDAwMDAwMDAsImRlbGV0ZSI6NjAwMDAwMDAwMDAwfX0=",
          "dependencies": [
            "outscale_net.net01"
          ]
        }
      ]
    },
    {
      "mode": "managed",
      "type": "outscale_subnet",
      "name": "subnet03",
      "provider": "provider[\"registry.terraform.io/outscale-dev/outscale\"]",
      "instances": [
        {
          "schema_version": 0,
          "attributes": {
            "available_ips_count": 251,
            "id": "subnet-6e52f446",
            "ip_range": "10.0.3.0/24",
            "map_public_ip_on_launch": false,
            "net_id": "vpc-b8574e60",
            "request_id": "68eb9111-d88c-4ff2-acff-4b4ed4ef3f5f",
            "state": "available",
            "subnet_id": "subnet-6e52f446",
            "subregion_name": "eu-west-2b",
            "tags": [
              {
                "key": "name",
                "value": "subnet3-b-back"
              }
            ],
            "timeouts": null
          },
          "sensitive_attributes": [],
          "private": "eyJlMmJmYjczMC1lY2FhLTExZTYtOGY4OC0zNDM2M2JjN2M0YzAiOnsiY3JlYXRlIjo2MDAwMDAwMDAwMDAsImRlbGV0ZSI6NjAwMDAwMDAwMDAwfX0=",
          "dependencies": [
            "outscale_net.net01"
          ]
        }
      ]
    },
    {
      "mode": "managed",
      "type": "outscale_subnet",
      "name": "subnet04",
      "provider": "provider[\"registry.terraform.io/outscale-dev/outscale\"]",
      "instances": [
        {
          "schema_version": 0,
          "attributes": {
            "available_ips_count": 251,
            "id": "subnet-8c301cf0",
            "ip_range": "10.0.4.0/24",
            "map_public_ip_on_launch": false,
            "net_id": "vpc-b8574e60",
            "request_id": "47fe2b54-abc1-4831-a867-7300ec9283db",
            "state": "available",
            "subnet_id": "subnet-8c301cf0",
            "subregion_name": "eu-west-2a",
            "tags": [
              {
                "key": "name",
                "value": "subnet4-a-back"
              }
            ],
            "timeouts": null
          },
          "sensitive_attributes": [],
          "private": "eyJlMmJmYjczMC1lY2FhLTExZTYtOGY4OC0zNDM2M2JjN2M0YzAiOnsiY3JlYXRlIjo2MDAwMDAwMDAwMDAsImRlbGV0ZSI6NjAwMDAwMDAwMDAwfX0=",
          "dependencies": [
            "outscale_net.net01"
          ]
        }
      ]
    },
    {
      "mode": "managed",
      "type": "outscale_vm",
      "name": "vm01",
      "provider": "provider[\"registry.terraform.io/outscale-dev/outscale\"]",
      "instances": [
        {
          "schema_version": 0,
          "attributes": {
            "admin_password": "",
            "architecture": "x86_64",
            "block_device_mappings": [],
            "block_device_mappings_created": [
              {
                "bsu": {
                  "delete_on_vm_deletion": "true",
                  "link_date": "2021-11-22T06:57:27.072Z",
                  "state": "attached",
                  "volume_id": "vol-4990dcaf"
                },
                "device_name": "/dev/sda1"
              }
            ],
            "bsu_optimized": false,
            "client_token": "",
            "deletion_protection": false,
            "hypervisor": "xen",
            "id": "i-84119e2a",
            "image_id": "ami-4779e795",
            "is_source_dest_checked": true,
            "keypair_name": "terraform-20211122065721692800000001",
            "launch_number": 0,
            "net_id": "vpc-b8574e60",
            "nics": [
              {
                "account_id": "126591649419",
                "delete_on_vm_deletion": true,
                "description": "Primary network interface",
                "device_number": 0,
                "is_source_dest_checked": true,
                "link_nic": [
                  {
                    "delete_on_vm_deletion": true,
                    "device_number": "0",
                    "link_nic_id": "eni-attach-a25251e0",
                    "state": "attached"
                  }
                ],
                "link_public_ip": [],
                "mac_address": "aa:06:8b:d4:82:95",
                "net_id": "vpc-b8574e60",
                "nic_id": "eni-c3c1e8e8",
                "private_dns_name": "ip-10-0-1-167.eu-west-2.compute.internal",
                "private_ips": [
                  {
                    "is_primary": true,
                    "link_public_ip": [],
                    "private_dns_name": "ip-10-0-1-167.eu-west-2.compute.internal",
                    "private_ip": "10.0.1.167"
                  }
                ],
                "secondary_private_ip_count": 0,
                "security_group_ids": [
                  "sg-f3c6daa0"
                ],
                "security_groups": [
                  {
                    "security_group_id": "sg-f3c6daa0",
                    "security_group_name": "security-group-front"
                  }
                ],
                "state": "in-use",
                "subnet_id": "subnet-a5f9d84f"
              }
            ],
            "os_family": "",
            "performance": "high",
            "placement_subregion_name": "eu-west-2b",
            "placement_tenancy": "default",
            "private_dns_name": "ip-10-0-1-167.eu-west-2.compute.internal",
            "private_ip": "10.0.1.167",
            "private_ips": null,
            "product_codes": [
              "0001"
            ],
            "public_dns_name": "",
            "public_ip": "",
            "request_id": "45d832b2-8919-4b33-9a1e-8e59c864e3d9",
            "reservation_id": "r-7f6346bb",
            "root_device_name": "/dev/sda1",
            "root_device_type": "ebs",
            "security_group_ids": [
              "sg-f3c6daa0"
            ],
            "security_group_names": null,
            "security_groups": [
              {
                "security_group_id": "sg-f3c6daa0",
                "security_group_name": "security-group-front"
              }
            ],
            "state": "running",
            "state_reason": "",
            "subnet_id": "subnet-a5f9d84f",
            "tags": [
              {
                "key": "name",
                "value": "front-vm1"
              }
            ],
            "timeouts": null,
            "user_data": "",
            "vm_id": "i-84119e2a",
            "vm_initiated_shutdown_behavior": "stop",
            "vm_type": "tinav4.c1r1p2"
          },
          "sensitive_attributes": [],
          "private": "eyJlMmJmYjczMC1lY2FhLTExZTYtOGY4OC0zNDM2M2JjN2M0YzAiOnsiY3JlYXRlIjo2MDAwMDAwMDAwMDAsImRlbGV0ZSI6NjAwMDAwMDAwMDAwLCJ1cGRhdGUiOjYwMDAwMDAwMDAwMH19",
          "dependencies": [
            "outscale_keypair.my_keypair",
            "outscale_net.net01",
            "outscale_security_group.security_group_front",
            "outscale_subnet.subnet01",
            "tls_private_key.my_key"
          ]
        }
      ]
    },
    {
      "mode": "managed",
      "type": "outscale_vm",
      "name": "vm02",
      "provider": "provider[\"registry.terraform.io/outscale-dev/outscale\"]",
      "instances": [
        {
          "index_key": 0,
          "schema_version": 0,
          "attributes": {
            "admin_password": "",
            "architecture": "x86_64",
            "block_device_mappings": [],
            "block_device_mappings_created": [
              {
                "bsu": {
                  "delete_on_vm_deletion": "true",
                  "link_date": "2021-11-22T06:57:23.397Z",
                  "state": "attached",
                  "volume_id": "vol-2ad99567"
                },
                "device_name": "/dev/sda1"
              }
            ],
            "bsu_optimized": false,
            "client_token": "",
            "deletion_protection": false,
            "hypervisor": "xen",
            "id": "i-4795687e",
            "image_id": "ami-4779e795",
            "is_source_dest_checked": true,
            "keypair_name": "terraform-20211122065721692800000001",
            "launch_number": 0,
            "net_id": "vpc-b8574e60",
            "nics": [
              {
                "account_id": "126591649419",
                "delete_on_vm_deletion": true,
                "description": "Primary network interface",
                "device_number": 0,
                "is_source_dest_checked": true,
                "link_nic": [
                  {
                    "delete_on_vm_deletion": true,
                    "device_number": "0",
                    "link_nic_id": "eni-attach-1dc586f9",
                    "state": "attached"
                  }
                ],
                "link_public_ip": [],
                "mac_address": "aa:fb:b7:4c:28:57",
                "net_id": "vpc-b8574e60",
                "nic_id": "eni-c82bfbc0",
                "private_dns_name": "ip-10-0-2-161.eu-west-2.compute.internal",
                "private_ips": [
                  {
                    "is_primary": true,
                    "link_public_ip": [],
                    "private_dns_name": "ip-10-0-2-161.eu-west-2.compute.internal",
                    "private_ip": "10.0.2.161"
                  }
                ],
                "secondary_private_ip_count": 0,
                "security_group_ids": [
                  "sg-f3c6daa0"
                ],
                "security_groups": [
                  {
                    "security_group_id": "sg-f3c6daa0",
                    "security_group_name": "security-group-front"
                  }
                ],
                "state": "in-use",
                "subnet_id": "subnet-5b51f1c7"
              }
            ],
            "os_family": "",
            "performance": "high",
            "placement_subregion_name": "eu-west-2a",
            "placement_tenancy": "default",
            "private_dns_name": "ip-10-0-2-161.eu-west-2.compute.internal",
            "private_ip": "10.0.2.161",
            "private_ips": null,
            "product_codes": [
              "0001"
            ],
            "public_dns_name": "",
            "public_ip": "",
            "request_id": "ef4b9d66-8d86-40ce-adb9-189657f13f52",
            "reservation_id": "r-32c9ef3a",
            "root_device_name": "/dev/sda1",
            "root_device_type": "ebs",
            "security_group_ids": [
              "sg-f3c6daa0"
            ],
            "security_group_names": null,
            "security_groups": [
              {
                "security_group_id": "sg-f3c6daa0",
                "security_group_name": "security-group-front"
              }
            ],
            "state": "running",
            "state_reason": "",
            "subnet_id": "subnet-5b51f1c7",
            "tags": [
              {
                "key": "name",
                "value": "front-vm2"
              }
            ],
            "timeouts": null,
            "user_data": "",
            "vm_id": "i-4795687e",
            "vm_initiated_shutdown_behavior": "stop",
            "vm_type": "tinav4.c1r1p2"
          },
          "sensitive_attributes": [],
          "private": "eyJlMmJmYjczMC1lY2FhLTExZTYtOGY4OC0zNDM2M2JjN2M0YzAiOnsiY3JlYXRlIjo2MDAwMDAwMDAwMDAsImRlbGV0ZSI6NjAwMDAwMDAwMDAwLCJ1cGRhdGUiOjYwMDAwMDAwMDAwMH19",
          "dependencies": [
            "outscale_keypair.my_keypair",
            "outscale_net.net01",
            "outscale_security_group.security_group_front",
            "outscale_subnet.subnet02",
            "tls_private_key.my_key"
          ]
        }
      ]
    },
    {
      "mode": "managed",
      "type": "outscale_vm",
      "name": "vm03",
      "provider": "provider[\"registry.terraform.io/outscale-dev/outscale\"]",
      "instances": [
        {
          "schema_version": 0,
          "attributes": {
            "admin_password": "",
            "architecture": "x86_64",
            "block_device_mappings": [],
            "block_device_mappings_created": [
              {
                "bsu": {
                  "delete_on_vm_deletion": "true",
                  "link_date": "2021-11-22T06:57:23.231Z",
                  "state": "attached",
                  "volume_id": "vol-0cf0b866"
                },
                "device_name": "/dev/sda1"
              }
            ],
            "bsu_optimized": false,
            "client_token": "",
            "deletion_protection": false,
            "hypervisor": "xen",
            "id": "i-dd86b78d",
            "image_id": "ami-4779e795",
            "is_source_dest_checked": true,
            "keypair_name": "terraform-20211122065721692800000001",
            "launch_number": 0,
            "net_id": "vpc-b8574e60",
            "nics": [
              {
                "account_id": "126591649419",
                "delete_on_vm_deletion": true,
                "description": "Primary network interface",
                "device_number": 0,
                "is_source_dest_checked": true,
                "link_nic": [
                  {
                    "delete_on_vm_deletion": true,
                    "device_number": "0",
                    "link_nic_id": "eni-attach-dcee7d33",
                    "state": "attached"
                  }
                ],
                "link_public_ip": [],
                "mac_address": "aa:e8:fd:8e:53:77",
                "net_id": "vpc-b8574e60",
                "nic_id": "eni-3a1271e2",
                "private_dns_name": "ip-10-0-3-60.eu-west-2.compute.internal",
                "private_ips": [
                  {
                    "is_primary": true,
                    "link_public_ip": [],
                    "private_dns_name": "ip-10-0-3-60.eu-west-2.compute.internal",
                    "private_ip": "10.0.3.60"
                  }
                ],
                "secondary_private_ip_count": 0,
                "security_group_ids": [
                  "sg-0e061f79"
                ],
                "security_groups": [
                  {
                    "security_group_id": "sg-0e061f79",
                    "security_group_name": "security-group-back"
                  }
                ],
                "state": "in-use",
                "subnet_id": "subnet-6e52f446"
              }
            ],
            "os_family": "",
            "performance": "high",
            "placement_subregion_name": "eu-west-2b",
            "placement_tenancy": "default",
            "private_dns_name": "ip-10-0-3-60.eu-west-2.compute.internal",
            "private_ip": "10.0.3.60",
            "private_ips": null,
            "product_codes": [
              "0001"
            ],
            "public_dns_name": "",
            "public_ip": "",
            "request_id": "c9af0118-7e59-4be9-9841-ccdb77cb04b0",
            "reservation_id": "r-46beaaa9",
            "root_device_name": "/dev/sda1",
            "root_device_type": "ebs",
            "security_group_ids": [
              "sg-0e061f79"
            ],
            "security_group_names": null,
            "security_groups": [
              {
                "security_group_id": "sg-0e061f79",
                "security_group_name": "security-group-back"
              }
            ],
            "state": "running",
            "state_reason": "",
            "subnet_id": "subnet-6e52f446",
            "tags": [
              {
                "key": "name",
                "value": "back-vm3"
              }
            ],
            "timeouts": null,
            "user_data": "",
            "vm_id": "i-dd86b78d",
            "vm_initiated_shutdown_behavior": "stop",
            "vm_type": "tinav4.c1r1p2"
          },
          "sensitive_attributes": [],
          "private": "eyJlMmJmYjczMC1lY2FhLTExZTYtOGY4OC0zNDM2M2JjN2M0YzAiOnsiY3JlYXRlIjo2MDAwMDAwMDAwMDAsImRlbGV0ZSI6NjAwMDAwMDAwMDAwLCJ1cGRhdGUiOjYwMDAwMDAwMDAwMH19",
          "dependencies": [
            "outscale_keypair.my_keypair",
            "outscale_net.net01",
            "outscale_security_group.security_group_back",
            "outscale_subnet.subnet03",
            "tls_private_key.my_key"
          ]
        }
      ]
    },
    {
      "mode": "managed",
      "type": "outscale_vm",
      "name": "vm04",
      "provider": "provider[\"registry.terraform.io/outscale-dev/outscale\"]",
      "instances": [
        {
          "schema_version": 0,
          "attributes": {
            "admin_password": "",
            "architecture": "x86_64",
            "block_device_mappings": [],
            "block_device_mappings_created": [
              {
                "bsu": {
                  "delete_on_vm_deletion": "true",
                  "link_date": "2021-11-22T06:57:23.156Z",
                  "state": "attached",
                  "volume_id": "vol-2d3a82a6"
                },
                "device_name": "/dev/sda1"
              }
            ],
            "bsu_optimized": false,
            "client_token": "",
            "deletion_protection": false,
            "hypervisor": "xen",
            "id": "i-e69885c6",
            "image_id": "ami-4779e795",
            "is_source_dest_checked": true,
            "keypair_name": "terraform-20211122065721692800000001",
            "launch_number": 0,
            "net_id": "vpc-b8574e60",
            "nics": [
              {
                "account_id": "126591649419",
                "delete_on_vm_deletion": true,
                "description": "Primary network interface",
                "device_number": 0,
                "is_source_dest_checked": true,
                "link_nic": [
                  {
                    "delete_on_vm_deletion": true,
                    "device_number": "0",
                    "link_nic_id": "eni-attach-0bd47a1b",
                    "state": "attached"
                  }
                ],
                "link_public_ip": [],
                "mac_address": "aa:01:34:2a:86:d8",
                "net_id": "vpc-b8574e60",
                "nic_id": "eni-3b31f750",
                "private_dns_name": "ip-10-0-4-97.eu-west-2.compute.internal",
                "private_ips": [
                  {
                    "is_primary": true,
                    "link_public_ip": [],
                    "private_dns_name": "ip-10-0-4-97.eu-west-2.compute.internal",
                    "private_ip": "10.0.4.97"
                  }
                ],
                "secondary_private_ip_count": 0,
                "security_group_ids": [
                  "sg-0e061f79"
                ],
                "security_groups": [
                  {
                    "security_group_id": "sg-0e061f79",
                    "security_group_name": "security-group-back"
                  }
                ],
                "state": "in-use",
                "subnet_id": "subnet-8c301cf0"
              }
            ],
            "os_family": "",
            "performance": "high",
            "placement_subregion_name": "eu-west-2a",
            "placement_tenancy": "default",
            "private_dns_name": "ip-10-0-4-97.eu-west-2.compute.internal",
            "private_ip": "10.0.4.97",
            "private_ips": null,
            "product_codes": [
              "0001"
            ],
            "public_dns_name": "",
            "public_ip": "",
            "request_id": "260fd80a-671c-4705-bcdf-9de5ea9cb971",
            "reservation_id": "r-23347a45",
            "root_device_name": "/dev/sda1",
            "root_device_type": "ebs",
            "security_group_ids": [
              "sg-0e061f79"
            ],
            "security_group_names": null,
            "security_groups": [
              {
                "security_group_id": "sg-0e061f79",
                "security_group_name": "security-group-back"
              }
            ],
            "state": "running",
            "state_reason": "",
            "subnet_id": "subnet-8c301cf0",
            "tags": [
              {
                "key": "name",
                "value": "back-vm4"
              }
            ],
            "timeouts": null,
            "user_data": "",
            "vm_id": "i-e69885c6",
            "vm_initiated_shutdown_behavior": "stop",
            "vm_type": "tinav4.c1r1p2"
          },
          "sensitive_attributes": [],
          "private": "eyJlMmJmYjczMC1lY2FhLTExZTYtOGY4OC0zNDM2M2JjN2M0YzAiOnsiY3JlYXRlIjo2MDAwMDAwMDAwMDAsImRlbGV0ZSI6NjAwMDAwMDAwMDAwLCJ1cGRhdGUiOjYwMDAwMDAwMDAwMH19",
          "dependencies": [
            "outscale_keypair.my_keypair",
            "outscale_net.net01",
            "outscale_security_group.security_group_back",
            "outscale_subnet.subnet04",
            "tls_private_key.my_key"
          ]
        }
      ]
    },
    {
      "mode": "managed",
      "type": "tls_private_key",
      "name": "my_key",
      "provider": "provider[\"registry.terraform.io/hashicorp/tls\"]",
      "instances": [
        {
          "schema_version": 0,
          "attributes": {
            "algorithm": "RSA",
            "ecdsa_curve": "P224",
            "id": "df167690003de7ff7fa488c768a4b9c86df9480b",
            "private_key_pem": "-----BEGIN RSA PRIVATE KEY-----\nMIIEowIBAAKCAQEA937ieEmzdYcZPTaAThYHKxOTnclSR4Ox5p3gcTHm6kTbOjXw\nJpsWjw/yd3fbm5wGMn7VtD3hyMQHiXFAXyjs89GFLgIkv8orxWsngGXYpbxWyHM3\nQfyRw3yv8J7p3859j+1tQfFEWaO7rTPKPyf/74SVG7FG2m/5q0SQZMquEG0ZfaUE\njH2ei4lUZ278IErxweSjGjh4d3/SuqBDcKOvBaVXqDUYaTzaNXXwVLGu5PRyaHmu\nt4Ltmy0vTbLmNIH8RdHsMsAaT3Tnuvl+KVYLGeSwnFA2lq6OGI++iF4gbaaY1spY\nE9SiIJwz7f9UoH2i4kpPegKnY3TEp3otRtcxmwIDAQABAoIBAQDV1SP4R70sqwfs\ncl1SmgeheS2OIzXaofcfyIH1aucWu10qIxYVVOOdwWp9O+pavOhB0oHzU4/zNSNJ\n5bZ3QVXQptLJWILFzfgZfqZHcjdHorzcPWedtIl//AfK/pIUk0S7CKjgU4L5a9So\nJdn0zSt8lvF5VqZf7mUpS3jyDIdtmhJxvKb51n96r/Ablhr7AKKhso3FyZdF12vI\n9fs9JTEPv1CwNaR6zfyRZhukjcihyXt2WcpgXBQ4mlaglMI/vmogLKnBgPTnD97Y\nw3gfmtCF14kOUn1kwU2xJtKOvNHnIbu7xDQj5M8vo8ViWt0hwvSrsOyNNC6EoWOf\nuVq878JhAoGBAP7LYz+PeKjcHSju3RyK6RqzsRp0lBiPE8kTcu4ZI1FBnDdVdPi7\njLgwnkafEM7cY+Nesl2IHrfxX4Wcebsj340fR4rEpo36NEGVEVyOMrxZ7hjQNzpE\nr6uGAs4gvcFiU9KWgT8rrXcgey6IzCx0YDXynrDhQKwk8fjKfxsffcCRAoGBAPiq\nqA1lhe69bVd6L/qyPgejVsmVHseLOGT/CYsOiZfMnXQcaf46p59Xyd+P7L5OyU+2\nIvK4TYPz4ANZ56vMIcEciUcaT5wqeqj5thZe471slryEvh3gAXgX3zF+NAmc9/x3\nXLuk/xCvfFta4alNUn9EN6WamDLJgSUdRXWipuVrAoGAaK/KXIAnVEH0HTBfWu3c\nLuNrvfHuM1T+DRzXmOptL2Kku7t57wSoIbmgHmYWstesluv+nx1hebRLygrrnS91\nF3elnmeEA0utEtEbrAqk3+yXPky2lFNKVlAecPDU5lLvG9RI0Fqy0AJhelIsiYtb\nSG8iMoyqVNBtNwqERPGganECgYB1SwIj94xaVW27An6ZMPRDZA9u3HD9TLUYJpiY\nyA2s1a47c5+ndIFWjvFBC8Fu7vjUKaSIetjNcf5rdj/p8ErHrS8vo8CDeCINjGQQ\nX0frNMpROAf5TY1D2XbFALOJCUqMAr1yIVzSwQPWj6K72iYcs8/PxIEgC55oJEt8\nNnGk6wKBgCr1DCMKtM47abHfyiE8e56wsK0rU5yJf8jKnYQX8xtlwEe1J4LPHh0o\n7J2Ey4xYWWDiaTUwd1OKyn8Bnv2zvzBxSd/b6i79Hb4VdaT+IctsuuhW7RiA5ydY\nCIJlhuUCCvlX3L1r5OiKk2e1kD0Yr6PwlN3Yhr/jo+uenGQANM+J\n-----END RSA PRIVATE KEY-----\n",
            "public_key_fingerprint_md5": "d8:54:fd:f5:dc:54:aa:51:4d:1a:b4:7f:14:b3:a0:7c",
            "public_key_openssh": "ssh-rsa AAAAB3NzaC1yc2EAAAADAQABAAABAQD3fuJ4SbN1hxk9NoBOFgcrE5OdyVJHg7HmneBxMebqRNs6NfAmmxaPD/J3d9ubnAYyftW0PeHIxAeJcUBfKOzz0YUuAiS/yivFayeAZdilvFbIczdB/JHDfK/wnunfzn2P7W1B8URZo7utM8o/J//vhJUbsUbab/mrRJBkyq4QbRl9pQSMfZ6LiVRnbvwgSvHB5KMaOHh3f9K6oENwo68FpVeoNRhpPNo1dfBUsa7k9HJoea63gu2bLS9NsuY0gfxF0ewywBpPdOe6+X4pVgsZ5LCcUDaWro4Yj76IXiBtppjWylgT1KIgnDPt/1SgfaLiSk96AqdjdMSnei1G1zGb\n",
            "public_key_pem": "-----BEGIN PUBLIC KEY-----\nMIIBIjANBgkqhkiG9w0BAQEFAAOCAQ8AMIIBCgKCAQEA937ieEmzdYcZPTaAThYH\nKxOTnclSR4Ox5p3gcTHm6kTbOjXwJpsWjw/yd3fbm5wGMn7VtD3hyMQHiXFAXyjs\n89GFLgIkv8orxWsngGXYpbxWyHM3QfyRw3yv8J7p3859j+1tQfFEWaO7rTPKPyf/\n74SVG7FG2m/5q0SQZMquEG0ZfaUEjH2ei4lUZ278IErxweSjGjh4d3/SuqBDcKOv\nBaVXqDUYaTzaNXXwVLGu5PRyaHmut4Ltmy0vTbLmNIH8RdHsMsAaT3Tnuvl+KVYL\nGeSwnFA2lq6OGI++iF4gbaaY1spYE9SiIJwz7f9UoH2i4kpPegKnY3TEp3otRtcx\nmwIDAQAB\n-----END PUBLIC KEY-----\n",
            "rsa_bits": 2048
          },
          "sensitive_attributes": [],
          "private": "bnVsbA=="
        }
      ]
    }
  ]
}
